dependencies:
- name: medione-common
  repository: file://../../medione-common
  version: 0.1.0
- name: configserver
  repository: file://../../medione-services/configserver
  version: 0.1.0
- name: mmdoctor
  repository: file://../../medione-services/mmdoctor
  version: 0.1.0
- name: mmpatient
  repository: file://../../medione-services/mmpatient
  version: 0.1.0
- name: mmvisits
  repository: file://../../medione-services/mmvisits
  version: 0.1.0
- name: gatewayserver
  repository: file://../../medione-services/gatewayserver
  version: 0.1.0
- name: mmmessage
  repository: file://../../medione-services/mmmessage
  version: 0.1.0
- name: mysql
  repository: file://../../mysql
  version: 0.1.0
digest: sha256:db946ab9c6c804e18bcc378b3744df001bd70d0d388f08dbd5bd6c695ca33951
generated: "2023-12-08T00:27:35.626037804+03:00"
